// !$*UTF8*$!
{
	archiveVersion = 1;
	classes = {
	};
	objectVersion = 50;
	objects = {

/* Begin PBXBuildFile section */
		7248A29D23094E8A00B224C1 /* AppDelegate.swift in Sources */ = {isa = PBXBuildFile; fileRef = 7248A29C23094E8A00B224C1 /* AppDelegate.swift */; };
		7248A29F23094E8A00B224C1 /* SceneDelegate.swift in Sources */ = {isa = PBXBuildFile; fileRef = 7248A29E23094E8A00B224C1 /* SceneDelegate.swift */; };
		7248A2A123094E8A00B224C1 /* ContentView.swift in Sources */ = {isa = PBXBuildFile; fileRef = 7248A2A023094E8A00B224C1 /* ContentView.swift */; };
		7248A2A323094E8C00B224C1 /* Assets.xcassets in Resources */ = {isa = PBXBuildFile; fileRef = 7248A2A223094E8C00B224C1 /* Assets.xcassets */; };
		7248A2A623094E8C00B224C1 /* Preview Assets.xcassets in Resources */ = {isa = PBXBuildFile; fileRef = 7248A2A523094E8C00B224C1 /* Preview Assets.xcassets */; };
		7248A2A923094E8C00B224C1 /* LaunchScreen.storyboard in Resources */ = {isa = PBXBuildFile; fileRef = 7248A2A723094E8C00B224C1 /* LaunchScreen.storyboard */; };
		7248A2B223094EBF00B224C1 /* LegacyViewController.swift in Sources */ = {isa = PBXBuildFile; fileRef = 7248A2B023094EBF00B224C1 /* LegacyViewController.swift */; };
		7248A2B323094EBF00B224C1 /* LegacyViewController.xib in Resources */ = {isa = PBXBuildFile; fileRef = 7248A2B123094EBF00B224C1 /* LegacyViewController.xib */; };
		7248A2B6230971A300B224C1 /* Utilities.swift in Sources */ = {isa = PBXBuildFile; fileRef = 7248A2B5230971A300B224C1 /* Utilities.swift */; };
		7248A2B92309794500B224C1 /* Ideas.swift in Sources */ = {isa = PBXBuildFile; fileRef = 7248A2B82309794500B224C1 /* Ideas.swift */; };
/* End PBXBuildFile section */

/* Begin PBXFileReference section */
		7248A29923094E8A00B224C1 /* iOSCookbook.app */ = {isa = PBXFileReference; explicitFileType = wrapper.application; includeInIndex = 0; path = iOSCookbook.app; sourceTree = BUILT_PRODUCTS_DIR; };
		7248A29C23094E8A00B224C1 /* AppDelegate.swift */ = {isa = PBXFileReference; lastKnownFileType = sourcecode.swift; path = AppDelegate.swift; sourceTree = "<group>"; };
		7248A29E23094E8A00B224C1 /* SceneDelegate.swift */ = {isa = PBXFileReference; lastKnownFileType = sourcecode.swift; path = SceneDelegate.swift; sourceTree = "<group>"; };
		7248A2A023094E8A00B224C1 /* ContentView.swift */ = {isa = PBXFileReference; lastKnownFileType = sourcecode.swift; path = ContentView.swift; sourceTree = "<group>"; };
		7248A2A223094E8C00B224C1 /* Assets.xcassets */ = {isa = PBXFileReference; lastKnownFileType = folder.assetcatalog; path = Assets.xcassets; sourceTree = "<group>"; };
		7248A2A523094E8C00B224C1 /* Preview Assets.xcassets */ = {isa = PBXFileReference; lastKnownFileType = folder.assetcatalog; path = "Preview Assets.xcassets"; sourceTree = "<group>"; };
		7248A2A823094E8C00B224C1 /* Base */ = {isa = PBXFileReference; lastKnownFileType = file.storyboard; name = Base; path = Base.lproj/LaunchScreen.storyboard; sourceTree = "<group>"; };
		7248A2AA23094E8C00B224C1 /* Info.plist */ = {isa = PBXFileReference; lastKnownFileType = text.plist.xml; path = Info.plist; sourceTree = "<group>"; };
		7248A2B023094EBF00B224C1 /* LegacyViewController.swift */ = {isa = PBXFileReference; lastKnownFileType = sourcecode.swift; path = LegacyViewController.swift; sourceTree = "<group>"; };
		7248A2B123094EBF00B224C1 /* LegacyViewController.xib */ = {isa = PBXFileReference; lastKnownFileType = file.xib; path = LegacyViewController.xib; sourceTree = "<group>"; };
		7248A2B5230971A300B224C1 /* Utilities.swift */ = {isa = PBXFileReference; fileEncoding = 4; lastKnownFileType = sourcecode.swift; path = Utilities.swift; sourceTree = "<group>"; };
		7248A2B82309794500B224C1 /* Ideas.swift */ = {isa = PBXFileReference; lastKnownFileType = sourcecode.swift; path = Ideas.swift; sourceTree = "<group>"; };
/* End PBXFileReference section */

/* Begin PBXFrameworksBuildPhase section */
		7248A29623094E8A00B224C1 /* Frameworks */ = {
			isa = PBXFrameworksBuildPhase;
			buildActionMask = 2147483647;
			files = (
			);
			runOnlyForDeploymentPostprocessing = 0;
		};
/* End PBXFrameworksBuildPhase section */

/* Begin PBXGroup section */
		7248A29023094E8A00B224C1 = {
			isa = PBXGroup;
			children = (
				7248A29B23094E8A00B224C1 /* iOSCookbook */,
				7248A29A23094E8A00B224C1 /* Products */,
			);
			sourceTree = "<group>";
		};
		7248A29A23094E8A00B224C1 /* Products */ = {
			isa = PBXGroup;
			children = (
				7248A29923094E8A00B224C1 /* iOSCookbook.app */,
			);
			name = Products;
			sourceTree = "<group>";
		};
		7248A29B23094E8A00B224C1 /* iOSCookbook */ = {
			isa = PBXGroup;
			children = (
				7248A2B72309793000B224C1 /* Other */,
				7248A2B42309719400B224C1 /* Utilities */,
				7248A29C23094E8A00B224C1 /* AppDelegate.swift */,
				7248A29E23094E8A00B224C1 /* SceneDelegate.swift */,
				7248A2A023094E8A00B224C1 /* ContentView.swift */,
				7248A2A223094E8C00B224C1 /* Assets.xcassets */,
				7248A2A723094E8C00B224C1 /* LaunchScreen.storyboard */,
				7248A2AA23094E8C00B224C1 /* Info.plist */,
				7248A2A423094E8C00B224C1 /* Preview Content */,
				7248A2B023094EBF00B224C1 /* LegacyViewController.swift */,
				7248A2B123094EBF00B224C1 /* LegacyViewController.xib */,
			);
			path = iOSCookbook;
			sourceTree = "<group>";
		};
		7248A2A423094E8C00B224C1 /* Preview Content */ = {
			isa = PBXGroup;
			children = (
				7248A2A523094E8C00B224C1 /* Preview Assets.xcassets */,
			);
			path = "Preview Content";
			sourceTree = "<group>";
		};
		7248A2B42309719400B224C1 /* Utilities */ = {
			isa = PBXGroup;
			children = (
				7248A2B5230971A300B224C1 /* Utilities.swift */,
			);
			path = Utilities;
			sourceTree = "<group>";
		};
		7248A2B72309793000B224C1 /* Other */ = {
			isa = PBXGroup;
			children = (
				7248A2B82309794500B224C1 /* Ideas.swift */,
			);
			path = Other;
			sourceTree = "<group>";
		};
/* End PBXGroup section */

/* Begin PBXNativeTarget section */
		7248A29823094E8A00B224C1 /* iOSCookbook */ = {
			isa = PBXNativeTarget;
			buildConfigurationList = 7248A2AD23094E8C00B224C1 /* Build configuration list for PBXNativeTarget "iOSCookbook" */;
			buildPhases = (
				7248A29523094E8A00B224C1 /* Sources */,
				7248A29623094E8A00B224C1 /* Frameworks */,
				7248A29723094E8A00B224C1 /* Resources */,
			);
			buildRules = (
			);
			dependencies = (
			);
			name = iOSCookbook;
			productName = iOSCookbook;
			productReference = 7248A29923094E8A00B224C1 /* iOSCookbook.app */;
			productType = "com.apple.product-type.application";
		};
/* End PBXNativeTarget section */

/* Begin PBXProject section */
		7248A29123094E8A00B224C1 /* Project object */ = {
			isa = PBXProject;
			attributes = {
				LastSwiftUpdateCheck = 1100;
				LastUpgradeCheck = 1100;
				ORGANIZATIONNAME = "Jon Bott";
				TargetAttributes = {
					7248A29823094E8A00B224C1 = {
						CreatedOnToolsVersion = 11.0;
					};
				};
			};
			buildConfigurationList = 7248A29423094E8A00B224C1 /* Build configuration list for PBXProject "iOSCookbook" */;
			compatibilityVersion = "Xcode 9.3";
			developmentRegion = en;
			hasScannedForEncodings = 0;
			knownRegions = (
				en,
				Base,
			);
			mainGroup = 7248A29023094E8A00B224C1;
			productRefGroup = 7248A29A23094E8A00B224C1 /* Products */;
			projectDirPath = "";
			projectRoot = "";
			targets = (
				7248A29823094E8A00B224C1 /* iOSCookbook */,
			);
		};
/* End PBXProject section */

/* Begin PBXResourcesBuildPhase section */
		7248A29723094E8A00B224C1 /* Resources */ = {
			isa = PBXResourcesBuildPhase;
			buildActionMask = 2147483647;
			files = (
				7248A2A923094E8C00B224C1 /* LaunchScreen.storyboard in Resources */,
				7248A2B323094EBF00B224C1 /* LegacyViewController.xib in Resources */,
				7248A2A623094E8C00B224C1 /* Preview Assets.xcassets in Resources */,
				7248A2A323094E8C00B224C1 /* Assets.xcassets in Resources */,
			);
			runOnlyForDeploymentPostprocessing = 0;
		};
/* End PBXResourcesBuildPhase section */

/* Begin PBXSourcesBuildPhase section */
		7248A29523094E8A00B224C1 /* Sources */ = {
			isa = PBXSourcesBuildPhase;
			buildActionMask = 2147483647;
			files = (
				7248A29D23094E8A00B224C1 /* AppDelegate.swift in Sources */,
				7248A2B223094EBF00B224C1 /* LegacyViewController.swift in Sources */,
				7248A29F23094E8A00B224C1 /* SceneDelegate.swift in Sources */,
				7248A2B6230971A300B224C1 /* Utilities.swift in Sources */,
				7248A2B92309794500B224C1 /* Ideas.swift in Sources */,
				7248A2A123094E8A00B224C1 /* ContentView.swift in Sources */,
			);
			runOnlyForDeploymentPostprocessing = 0;
		};
/* End PBXSourcesBuildPhase section */

/* Begin PBXVariantGroup section */
		7248A2A723094E8C00B224C1 /* LaunchScreen.storyboard */ = {
			isa = PBXVariantGroup;
			children = (
				7248A2A823094E8C00B224C1 /* Base */,
			);
			name = LaunchScreen.storyboard;
			sourceTree = "<group>";
		};
/* End PBXVariantGroup section */

/* Begin XCBuildConfiguration section */
		7248A2AB23094E8C00B224C1 /* Debug */ = {
			isa = XCBuildConfiguration;
			buildSettings = {
				ALWAYS_SEARCH_USER_PATHS = NO;
				CLANG_ANALYZER_NONNULL = YES;
				CLANG_ANALYZER_NUMBER_OBJECT_CONVERSION = YES_AGGRESSIVE;
				CLANG_CXX_LANGUAGE_STANDARD = "gnu++14";
				CLANG_CXX_LIBRARY = "libc++";
				CLANG_ENABLE_MODULES = YES;
				CLANG_ENABLE_OBJC_ARC = YES;
				CLANG_ENABLE_OBJC_WEAK = YES;
				CLANG_WARN_BLOCK_CAPTURE_AUTORELEASING = YES;
				CLANG_WARN_BOOL_CONVERSION = YES;
				CLANG_WARN_COMMA = YES;
				CLANG_WARN_CONSTANT_CONVERSION = YES;
				CLANG_WARN_DEPRECATED_OBJC_IMPLEMENTATIONS = YES;
				CLANG_WARN_DIRECT_OBJC_ISA_USAGE = YES_ERROR;
				CLANG_WARN_DOCUMENTATION_COMMENTS = YES;
				CLANG_WARN_EMPTY_BODY = YES;
				CLANG_WARN_ENUM_CONVERSION = YES;
				CLANG_WARN_INFINITE_RECURSION = YES;
				CLANG_WARN_INT_CONVERSION = YES;
				CLANG_WARN_NON_LITERAL_NULL_CONVERSION = YES;
				CLANG_WARN_OBJC_IMPLICIT_RETAIN_SELF = YES;
				CLANG_WARN_OBJC_LITERAL_CONVERSION = YES;
				CLANG_WARN_OBJC_ROOT_CLASS = YES_ERROR;
				CLANG_WARN_RANGE_LOOP_ANALYSIS = YES;
				CLANG_WARN_STRICT_PROTOTYPES = YES;
				CLANG_WARN_SUSPICIOUS_MOVE = YES;
				CLANG_WARN_UNGUARDED_AVAILABILITY = YES_AGGRESSIVE;
				CLANG_WARN_UNREACHABLE_CODE = YES;
				CLANG_WARN__DUPLICATE_METHOD_MATCH = YES;
				COPY_PHASE_STRIP = NO;
				DEBUG_INFORMATION_FORMAT = dwarf;
				ENABLE_STRICT_OBJC_MSGSEND = YES;
				ENABLE_TESTABILITY = YES;
				GCC_C_LANGUAGE_STANDARD = gnu11;
				GCC_DYNAMIC_NO_PIC = NO;
				GCC_NO_COMMON_BLOCKS = YES;
				GCC_OPTIMIZATION_LEVEL = 0;
				GCC_PREPROCESSOR_DEFINITIONS = (
					"DEBUG=1",
					"$(inherited)",
				);
				GCC_WARN_64_TO_32_BIT_CONVERSION = YES;
				GCC_WARN_ABOUT_RETURN_TYPE = YES_ERROR;
				GCC_WARN_UNDECLARED_SELECTOR = YES;
				GCC_WARN_UNINITIALIZED_AUTOS = YES_AGGRESSIVE;
				GCC_WARN_UNUSED_FUNCTION = YES;
				GCC_WARN_UNUSED_VARIABLE = YES;
				IPHONEOS_DEPLOYMENT_TARGET = 13.0;
				MTL_ENABLE_DEBUG_INFO = INCLUDE_SOURCE;
				MTL_FAST_MATH = YES;
				ONLY_ACTIVE_ARCH = YES;
				SDKROOT = iphoneos;
				SWIFT_ACTIVE_COMPILATION_CONDITIONS = DEBUG;
				SWIFT_OPTIMIZATION_LEVEL = "-Onone";
			};
			name = Debug;
		};
		7248A2AC23094E8C00B224C1 /* Release */ = {
			isa = XCBuildConfiguration;
			buildSettings = {
				ALWAYS_SEARCH_USER_PATHS = NO;
				CLANG_ANALYZER_NONNULL = YES;
				CLANG_ANALYZER_NUMBER_OBJECT_CONVERSION = YES_AGGRESSIVE;
				CLANG_CXX_LANGUAGE_STANDARD = "gnu++14";
				CLANG_CXX_LIBRARY = "libc++";
				CLANG_ENABLE_MODULES = YES;
				CLANG_ENABLE_OBJC_ARC = YES;
				CLANG_ENABLE_OBJC_WEAK = YES;
				CLANG_WARN_BLOCK_CAPTURE_AUTORELEASING = YES;
				CLANG_WARN_BOOL_CONVERSION = YES;
				CLANG_WARN_COMMA = YES;
				CLANG_WARN_CONSTANT_CONVERSION = YES;
				CLANG_WARN_DEPRECATED_OBJC_IMPLEMENTATIONS = YES;
				CLANG_WARN_DIRECT_OBJC_ISA_USAGE = YES_ERROR;
				CLANG_WARN_DOCUMENTATION_COMMENTS = YES;
				CLANG_WARN_EMPTY_BODY = YES;
				CLANG_WARN_ENUM_CONVERSION = YES;
				CLANG_WARN_INFINITE_RECURSION = YES;
				CLANG_WARN_INT_CONVERSION = YES;
				CLANG_WARN_NON_LITERAL_NULL_CONVERSION = YES;
				CLANG_WARN_OBJC_IMPLICIT_RETAIN_SELF = YES;
				CLANG_WARN_OBJC_LITERAL_CONVERSION = YES;
				CLANG_WARN_OBJC_ROOT_CLASS = YES_ERROR;
				CLANG_WARN_RANGE_LOOP_ANALYSIS = YES;
				CLANG_WARN_STRICT_PROTOTYPES = YES;
				CLANG_WARN_SUSPICIOUS_MOVE = YES;
				CLANG_WARN_UNGUARDED_AVAILABILITY = YES_AGGRESSIVE;
				CLANG_WARN_UNREACHABLE_CODE = YES;
				CLANG_WARN__DUPLICATE_METHOD_MATCH = YES;
				COPY_PHASE_STRIP = NO;
				DEBUG_INFORMATION_FORMAT = "dwarf-with-dsym";
				ENABLE_NS_ASSERTIONS = NO;
				ENABLE_STRICT_OBJC_MSGSEND = YES;
				GCC_C_LANGUAGE_STANDARD = gnu11;
				GCC_NO_COMMON_BLOCKS = YES;
				GCC_WARN_64_TO_32_BIT_CONVERSION = YES;
				GCC_WARN_ABOUT_RETURN_TYPE = YES_ERROR;
				GCC_WARN_UNDECLARED_SELECTOR = YES;
				GCC_WARN_UNINITIALIZED_AUTOS = YES_AGGRESSIVE;
				GCC_WARN_UNUSED_FUNCTION = YES;
				GCC_WARN_UNUSED_VARIABLE = YES;
				IPHONEOS_DEPLOYMENT_TARGET = 13.0;
				MTL_ENABLE_DEBUG_INFO = NO;
				MTL_FAST_MATH = YES;
				SDKROOT = iphoneos;
				SWIFT_COMPILATION_MODE = wholemodule;
				SWIFT_OPTIMIZATION_LEVEL = "-O";
				VALIDATE_PRODUCT = YES;
			};
			name = Release;
		};
		7248A2AE23094E8C00B224C1 /* Debug */ = {
			isa = XCBuildConfiguration;
			buildSettings = {
				ASSETCATALOG_COMPILER_APPICON_NAME = AppIcon;
				CODE_SIGN_STYLE = Automatic;
				DEVELOPMENT_ASSET_PATHS = "iOSCookbook/Preview\\ Content";
				DEVELOPMENT_TEAM = 6A4W4G6ZCH;
				ENABLE_PREVIEWS = YES;
				INFOPLIST_FILE = iOSCookbook/Info.plist;
				LD_RUNPATH_SEARCH_PATHS = (
					"$(inherited)",
					"@executable_path/Frameworks",
				);
				PRODUCT_BUNDLE_IDENTIFIER = com.jonbott.iOSCookbook;
				PRODUCT_NAME = "$(TARGET_NAME)";
				SWIFT_VERSION = 5.0;
				TARGETED_DEVICE_FAMILY = "1,2";
			};
			name = Debug;
		};
		7248A2AF23094E8C00B224C1 /* Release */ = {
			isa = XCBuildConfiguration;
			buildSettings = {
				ASSETCATALOG_COMPILER_APPICON_NAME = AppIcon;
				CODE_SIGN_STYLE = Automatic;
				DEVELOPMENT_ASSET_PATHS = "iOSCookbook/Preview\\ Content";
				DEVELOPMENT_TEAM = 6A4W4G6ZCH;
				ENABLE_PREVIEWS = YES;
				INFOPLIST_FILE = iOSCookbook/Info.plist;
				LD_RUNPATH_SEARCH_PATHS = (
					"$(inherited)",
					"@executable_path/Frameworks",
				);
				PRODUCT_BUNDLE_IDENTIFIER = com.jonbott.iOSCookbook;
				PRODUCT_NAME = "$(TARGET_NAME)";
				SWIFT_VERSION = 5.0;
				TARGETED_DEVICE_FAMILY = "1,2";
			};
			name = Release;
		};
/* End XCBuildConfiguration section */

/* Begin XCConfigurationList section */
		7248A29423094E8A00B224C1 /* Build configuration list for PBXProject "iOSCookbook" */ = {
			isa = XCConfigurationList;
			buildConfigurations = (
				7248A2AB23094E8C00B224C1 /* Debug */,
				7248A2AC23094E8C00B224C1 /* Release */,
			);
			defaultConfigurationIsVisible = 0;
			defaultConfigurationName = Release;
		};
		7248A2AD23094E8C00B224C1 /* Build configuration list for PBXNativeTarget "iOSCookbook" */ = {
			isa = XCConfigurationList;
			buildConfigurations = (
				7248A2AE23094E8C00B224C1 /* Debug */,
				7248A2AF23094E8C00B224C1 /* Release */,
			);
			defaultConfigurationIsVisible = 0;
			defaultConfigurationName = Release;
		};
/* End XCConfigurationList section */
	};
	rootObject = 7248A29123094E8A00B224C1 /* Project object */;
}
